
Microsoft Visual Studio Solution File, Format Version 12.00
# Visual Studio Version 16
VisualStudioVersion = 16.0.30204.135
MinimumVisualStudioVersion = 10.0.40219.1
Project("{9A19103F-16F7-4668-BE54-9A1E7A4F7556}") = "KosmoForum", "KosmoForum.csproj", "{05064D13-0DE6-4ACD-8325-2AF4E9165C94}"
EndProject
Project("{9A19103F-16F7-4668-BE54-9A1E7A4F7556}") = "KosmoForumClient", "..\KosmoForumClient\KosmoForumClient.csproj", "{EBB31666-AF9E-4168-9945-E7F1F39D4B9F}"
EndProject
Project("{FAE04EC0-301F-11D3-BF4B-00C04F79EFBC}") = "KosmoForumTests", "..\KosmoForumTests\KosmoForumTests.csproj", "{14654A68-046D-43B3-885C-BB2CBB3EFD2B}"
EndProject
Global
	GlobalSection(SolutionConfigurationPlatforms) = preSolution
		Debug|Any CPU = Debug|Any CPU
		Release|Any CPU = Release|Any CPU
	EndGlobalSection
	GlobalSection(ProjectConfigurationPlatforms) = postSolution
		{05064D13-0DE6-4ACD-8325-2AF4E9165C94}.Debug|Any CPU.ActiveCfg = Debug|Any CPU
		{05064D13-0DE6-4ACD-8325-2AF4E9165C94}.Debug|Any CPU.Build.0 = Debug|Any CPU
		{05064D13-0DE6-4ACD-8325-2AF4E9165C94}.Release|Any CPU.ActiveCfg = Release|Any CPU
		{05064D13-0DE6-4ACD-8325-2AF4E9165C94}.Release|Any CPU.Build.0 = Release|Any CPU
		{EBB31666-AF9E-4168-9945-E7F1F39D4B9F}.Debug|Any CPU.ActiveCfg = Debug|Any CPU
		{EBB31666-AF9E-4168-9945-E7F1F39D4B9F}.Debug|Any CPU.Build.0 = Debug|Any CPU
		{EBB31666-AF9E-4168-9945-E7F1F39D4B9F}.Release|Any CPU.ActiveCfg = Release|Any CPU
		{EBB31666-AF9E-4168-9945-E7F1F39D4B9F}.Release|Any CPU.Build.0 = Release|Any CPU
		{14654A68-046D-43B3-885C-BB2CBB3EFD2B}.Debug|Any CPU.ActiveCfg = Debug|Any CPU
		{14654A68-046D-43B3-885C-BB2CBB3EFD2B}.Debug|Any CPU.Build.0 = Debug|Any CPU
		{14654A68-046D-43B3-885C-BB2CBB3EFD2B}.Release|Any CPU.ActiveCfg = Release|Any CPU
		{14654A68-046D-43B3-885C-BB2CBB3EFD2B}.Release|Any CPU.Build.0 = Release|Any CPU
	EndGlobalSection
	GlobalSection(SolutionProperties) = preSolution
		HideSolutionNode = FALSE
	EndGlobalSection
	GlobalSection(ExtensibilityGlobals) = postSolution
		SolutionGuid = {E8D1EA4E-07E5-49BA-8F42-F60815EE2A35}
	EndGlobalSection
EndGlobal
